
Microsoft Visual Studio Solution File, Format Version 12.00
# Visual Studio Version 16
VisualStudioVersion = 16.0.31911.196
MinimumVisualStudioVersion = 10.0.40219.1
Project("{FAE04EC0-301F-11D3-BF4B-00C04F79EFBC}") = "LaaSender.Android", "LaaSender\LaaSender.Android\LaaSender.Android.csproj", "{A3408CA3-523C-410D-9B38-363AC9FE3C71}"
EndProject
Project("{FAE04EC0-301F-11D3-BF4B-00C04F79EFBC}") = "LaaSender.iOS", "LaaSender\LaaSender.iOS\LaaSender.iOS.csproj", "{4A1804C0-D545-401F-A249-85A541D46441}"
EndProject
Project("{9A19103F-16F7-4668-BE54-9A1E7A4F7556}") = "LaaSender", "LaaSender\LaaSender\LaaSender.csproj", "{AB808CAB-8093-4693-A32A-4F46A70482F7}"
EndProject
Project("{9A19103F-16F7-4668-BE54-9A1E7A4F7556}") = "LaaServer", "LaaServer\LaaServer.csproj", "{93D0FCB7-4DF1-4213-9A92-E2A74571AAB0}"
EndProject
Project("{FAE04EC0-301F-11D3-BF4B-00C04F79EFBC}") = "Laa.Shared", "Laa.Shared\Laa.Shared.csproj", "{FD359C60-C204-4277-806A-22ECE34ED83F}"
EndProject
Global
	GlobalSection(SolutionConfigurationPlatforms) = preSolution
		Debug|Any CPU = Debug|Any CPU
		Debug|iPhone = Debug|iPhone
		Debug|iPhoneSimulator = Debug|iPhoneSimulator
		Debug|x86 = Debug|x86
		Release|Any CPU = Release|Any CPU
		Release|iPhone = Release|iPhone
		Release|iPhoneSimulator = Release|iPhoneSimulator
		Release|x86 = Release|x86
	EndGlobalSection
	GlobalSection(ProjectConfigurationPlatforms) = postSolution
		{A3408CA3-523C-410D-9B38-363AC9FE3C71}.Debug|Any CPU.ActiveCfg = Debug|Any CPU
		{A3408CA3-523C-410D-9B38-363AC9FE3C71}.Debug|Any CPU.Build.0 = Debug|Any CPU
		{A3408CA3-523C-410D-9B38-363AC9FE3C71}.Debug|Any CPU.Deploy.0 = Debug|Any CPU
		{A3408CA3-523C-410D-9B38-363AC9FE3C71}.Debug|iPhone.ActiveCfg = Debug|Any CPU
		{A3408CA3-523C-410D-9B38-363AC9FE3C71}.Debug|iPhone.Build.0 = Debug|Any CPU
		{A3408CA3-523C-410D-9B38-363AC9FE3C71}.Debug|iPhone.Deploy.0 = Debug|Any CPU
		{A3408CA3-523C-410D-9B38-363AC9FE3C71}.Debug|iPhoneSimulator.ActiveCfg = Debug|Any CPU
		{A3408CA3-523C-410D-9B38-363AC9FE3C71}.Debug|iPhoneSimulator.Build.0 = Debug|Any CPU
		{A3408CA3-523C-410D-9B38-363AC9FE3C71}.Debug|iPhoneSimulator.Deploy.0 = Debug|Any CPU
		{A3408CA3-523C-410D-9B38-363AC9FE3C71}.Debug|x86.ActiveCfg = Debug|Any CPU
		{A3408CA3-523C-410D-9B38-363AC9FE3C71}.Debug|x86.Build.0 = Debug|Any CPU
		{A3408CA3-523C-410D-9B38-363AC9FE3C71}.Debug|x86.Deploy.0 = Debug|Any CPU
		{A3408CA3-523C-410D-9B38-363AC9FE3C71}.Release|Any CPU.ActiveCfg = Release|Any CPU
		{A3408CA3-523C-410D-9B38-363AC9FE3C71}.Release|Any CPU.Build.0 = Release|Any CPU
		{A3408CA3-523C-410D-9B38-363AC9FE3C71}.Release|Any CPU.Deploy.0 = Release|Any CPU
		{A3408CA3-523C-410D-9B38-363AC9FE3C71}.Release|iPhone.ActiveCfg = Release|Any CPU
		{A3408CA3-523C-410D-9B38-363AC9FE3C71}.Release|iPhone.Build.0 = Release|Any CPU
		{A3408CA3-523C-410D-9B38-363AC9FE3C71}.Release|iPhone.Deploy.0 = Release|Any CPU
		{A3408CA3-523C-410D-9B38-363AC9FE3C71}.Release|iPhoneSimulator.ActiveCfg = Release|Any CPU
		{A3408CA3-523C-410D-9B38-363AC9FE3C71}.Release|iPhoneSimulator.Build.0 = Release|Any CPU
		{A3408CA3-523C-410D-9B38-363AC9FE3C71}.Release|iPhoneSimulator.Deploy.0 = Release|Any CPU
		{A3408CA3-523C-410D-9B38-363AC9FE3C71}.Release|x86.ActiveCfg = Release|Any CPU
		{A3408CA3-523C-410D-9B38-363AC9FE3C71}.Release|x86.Build.0 = Release|Any CPU
		{A3408CA3-523C-410D-9B38-363AC9FE3C71}.Release|x86.Deploy.0 = Release|Any CPU
		{4A1804C0-D545-401F-A249-85A541D46441}.Debug|Any CPU.ActiveCfg = Debug|iPhone
		{4A1804C0-D545-401F-A249-85A541D46441}.Debug|Any CPU.Build.0 = Debug|iPhone
		{4A1804C0-D545-401F-A249-85A541D46441}.Debug|Any CPU.Deploy.0 = Debug|iPhone
		{4A1804C0-D545-401F-A249-85A541D46441}.Debug|iPhone.ActiveCfg = Debug|iPhone
		{4A1804C0-D545-401F-A249-85A541D46441}.Debug|iPhone.Build.0 = Debug|iPhone
		{4A1804C0-D545-401F-A249-85A541D46441}.Debug|iPhone.Deploy.0 = Debug|iPhone
		{4A1804C0-D545-401F-A249-85A541D46441}.Debug|iPhoneSimulator.ActiveCfg = Debug|iPhoneSimulator
		{4A1804C0-D545-401F-A249-85A541D46441}.Debug|iPhoneSimulator.Build.0 = Debug|iPhoneSimulator
		{4A1804C0-D545-401F-A249-85A541D46441}.Debug|iPhoneSimulator.Deploy.0 = Debug|iPhoneSimulator
		{4A1804C0-D545-401F-A249-85A541D46441}.Debug|x86.ActiveCfg = Debug|iPhoneSimulator
		{4A1804C0-D545-401F-A249-85A541D46441}.Release|Any CPU.ActiveCfg = Release|iPhoneSimulator
		{4A1804C0-D545-401F-A249-85A541D46441}.Release|Any CPU.Build.0 = Release|iPhoneSimulator
		{4A1804C0-D545-401F-A249-85A541D46441}.Release|Any CPU.Deploy.0 = Release|iPhoneSimulator
		{4A1804C0-D545-401F-A249-85A541D46441}.Release|iPhone.ActiveCfg = Release|iPhone
		{4A1804C0-D545-401F-A249-85A541D46441}.Release|iPhone.Build.0 = Release|iPhone
		{4A1804C0-D545-401F-A249-85A541D46441}.Release|iPhone.Deploy.0 = Release|iPhone
		{4A1804C0-D545-401F-A249-85A541D46441}.Release|iPhoneSimulator.ActiveCfg = Release|iPhoneSimulator
		{4A1804C0-D545-401F-A249-85A541D46441}.Release|iPhoneSimulator.Build.0 = Release|iPhoneSimulator
		{4A1804C0-D545-401F-A249-85A541D46441}.Release|iPhoneSimulator.Deploy.0 = Release|iPhoneSimulator
		{4A1804C0-D545-401F-A249-85A541D46441}.Release|x86.ActiveCfg = Release|iPhone
		{AB808CAB-8093-4693-A32A-4F46A70482F7}.Debug|Any CPU.ActiveCfg = Debug|Any CPU
		{AB808CAB-8093-4693-A32A-4F46A70482F7}.Debug|Any CPU.Build.0 = Debug|Any CPU
		{AB808CAB-8093-4693-A32A-4F46A70482F7}.Debug|Any CPU.Deploy.0 = Debug|Any CPU
		{AB808CAB-8093-4693-A32A-4F46A70482F7}.Debug|iPhone.ActiveCfg = Debug|Any CPU
		{AB808CAB-8093-4693-A32A-4F46A70482F7}.Debug|iPhone.Build.0 = Debug|Any CPU
		{AB808CAB-8093-4693-A32A-4F46A70482F7}.Debug|iPhone.Deploy.0 = Debug|Any CPU
		{AB808CAB-8093-4693-A32A-4F46A70482F7}.Debug|iPhoneSimulator.ActiveCfg = Debug|Any CPU
		{AB808CAB-8093-4693-A32A-4F46A70482F7}.Debug|iPhoneSimulator.Build.0 = Debug|Any CPU
		{AB808CAB-8093-4693-A32A-4F46A70482F7}.Debug|iPhoneSimulator.Deploy.0 = Debug|Any CPU
		{AB808CAB-8093-4693-A32A-4F46A70482F7}.Debug|x86.ActiveCfg = Debug|Any CPU
		{AB808CAB-8093-4693-A32A-4F46A70482F7}.Debug|x86.Build.0 = Debug|Any CPU
		{AB808CAB-8093-4693-A32A-4F46A70482F7}.Release|Any CPU.ActiveCfg = Release|Any CPU
		{AB808CAB-8093-4693-A32A-4F46A70482F7}.Release|Any CPU.Build.0 = Release|Any CPU
		{AB808CAB-8093-4693-A32A-4F46A70482F7}.Release|Any CPU.Deploy.0 = Release|Any CPU
		{AB808CAB-8093-4693-A32A-4F46A70482F7}.Release|iPhone.ActiveCfg = Release|Any CPU
		{AB808CAB-8093-4693-A32A-4F46A70482F7}.Release|iPhone.Build.0 = Release|Any CPU
		{AB808CAB-8093-4693-A32A-4F46A70482F7}.Release|iPhone.Deploy.0 = Release|Any CPU
		{AB808CAB-8093-4693-A32A-4F46A70482F7}.Release|iPhoneSimulator.ActiveCfg = Release|Any CPU
		{AB808CAB-8093-4693-A32A-4F46A70482F7}.Release|iPhoneSimulator.Build.0 = Release|Any CPU
		{AB808CAB-8093-4693-A32A-4F46A70482F7}.Release|iPhoneSimulator.Deploy.0 = Release|Any CPU
		{AB808CAB-8093-4693-A32A-4F46A70482F7}.Release|x86.ActiveCfg = Release|Any CPU
		{AB808CAB-8093-4693-A32A-4F46A70482F7}.Release|x86.Build.0 = Release|Any CPU
		{93D0FCB7-4DF1-4213-9A92-E2A74571AAB0}.Debug|Any CPU.ActiveCfg = Debug|Any CPU
		{93D0FCB7-4DF1-4213-9A92-E2A74571AAB0}.Debug|Any CPU.Build.0 = Debug|Any CPU
		{93D0FCB7-4DF1-4213-9A92-E2A74571AAB0}.Debug|iPhone.ActiveCfg = Debug|Any CPU
		{93D0FCB7-4DF1-4213-9A92-E2A74571AAB0}.Debug|iPhone.Build.0 = Debug|Any CPU
		{93D0FCB7-4DF1-4213-9A92-E2A74571AAB0}.Debug|iPhoneSimulator.ActiveCfg = Debug|Any CPU
		{93D0FCB7-4DF1-4213-9A92-E2A74571AAB0}.Debug|iPhoneSimulator.Build.0 = Debug|Any CPU
		{93D0FCB7-4DF1-4213-9A92-E2A74571AAB0}.Debug|x86.ActiveCfg = Debug|Any CPU
		{93D0FCB7-4DF1-4213-9A92-E2A74571AAB0}.Debug|x86.Build.0 = Debug|Any CPU
		{93D0FCB7-4DF1-4213-9A92-E2A74571AAB0}.Release|Any CPU.ActiveCfg = Release|Any CPU
		{93D0FCB7-4DF1-4213-9A92-E2A74571AAB0}.Release|Any CPU.Build.0 = Release|Any CPU
		{93D0FCB7-4DF1-4213-9A92-E2A74571AAB0}.Release|iPhone.ActiveCfg = Release|Any CPU
		{93D0FCB7-4DF1-4213-9A92-E2A74571AAB0}.Release|iPhone.Build.0 = Release|Any CPU
		{93D0FCB7-4DF1-4213-9A92-E2A74571AAB0}.Release|iPhoneSimulator.ActiveCfg = Release|Any CPU
		{93D0FCB7-4DF1-4213-9A92-E2A74571AAB0}.Release|iPhoneSimulator.Build.0 = Release|Any CPU
		{93D0FCB7-4DF1-4213-9A92-E2A74571AAB0}.Release|x86.ActiveCfg = Release|Any CPU
		{93D0FCB7-4DF1-4213-9A92-E2A74571AAB0}.Release|x86.Build.0 = Release|Any CPU
		{FD359C60-C204-4277-806A-22ECE34ED83F}.Debug|Any CPU.ActiveCfg = Debug|Any CPU
		{FD359C60-C204-4277-806A-22ECE34ED83F}.Debug|Any CPU.Build.0 = Debug|Any CPU
		{FD359C60-C204-4277-806A-22ECE34ED83F}.Debug|iPhone.ActiveCfg = Debug|Any CPU
		{FD359C60-C204-4277-806A-22ECE34ED83F}.Debug|iPhone.Build.0 = Debug|Any CPU
		{FD359C60-C204-4277-806A-22ECE34ED83F}.Debug|iPhoneSimulator.ActiveCfg = Debug|Any CPU
		{FD359C60-C204-4277-806A-22ECE34ED83F}.Debug|iPhoneSimulator.Build.0 = Debug|Any CPU
		{FD359C60-C204-4277-806A-22ECE34ED83F}.Debug|x86.ActiveCfg = Debug|Any CPU
		{FD359C60-C204-4277-806A-22ECE34ED83F}.Debug|x86.Build.0 = Debug|Any CPU
		{FD359C60-C204-4277-806A-22ECE34ED83F}.Release|Any CPU.ActiveCfg = Release|Any CPU
		{FD359C60-C204-4277-806A-22ECE34ED83F}.Release|Any CPU.Build.0 = Release|Any CPU
		{FD359C60-C204-4277-806A-22ECE34ED83F}.Release|iPhone.ActiveCfg = Release|Any CPU
		{FD359C60-C204-4277-806A-22ECE34ED83F}.Release|iPhone.Build.0 = Release|Any CPU
		{FD359C60-C204-4277-806A-22ECE34ED83F}.Release|iPhoneSimulator.ActiveCfg = Release|Any CPU
		{FD359C60-C204-4277-806A-22ECE34ED83F}.Release|iPhoneSimulator.Build.0 = Release|Any CPU
		{FD359C60-C204-4277-806A-22ECE34ED83F}.Release|x86.ActiveCfg = Release|Any CPU
		{FD359C60-C204-4277-806A-22ECE34ED83F}.Release|x86.Build.0 = Release|Any CPU
	EndGlobalSection
	GlobalSection(SolutionProperties) = preSolution
		HideSolutionNode = FALSE
	EndGlobalSection
	GlobalSection(ExtensibilityGlobals) = postSolution
		SolutionGuid = {51185E5B-3B65-4176-AA3D-AC3334E1BE5A}
	EndGlobalSection
EndGlobal
